
Microsoft Visual Studio Solution File, Format Version 12.00
# Visual Studio 15
VisualStudioVersion = 15.0.28307.645
MinimumVisualStudioVersion = 10.0.40219.1
Project("{FAE04EC0-301F-11D3-BF4B-00C04F79EFBC}") = "Base", "Base\Base.csproj", "{776C8406-7C42-446C-BBD4-2A206AC0ADBD}"
EndProject
Project("{FAE04EC0-301F-11D3-BF4B-00C04F79EFBC}") = "Principal", "Principal\Principal.csproj", "{B8D97A64-7B9D-401C-AD58-F7EC2A141BED}"
EndProject
Global
	GlobalSection(SolutionConfigurationPlatforms) = preSolution
		Debug|Any CPU = Debug|Any CPU
		Release|Any CPU = Release|Any CPU
	EndGlobalSection
	GlobalSection(ProjectConfigurationPlatforms) = postSolution
		{776C8406-7C42-446C-BBD4-2A206AC0ADBD}.Debug|Any CPU.ActiveCfg = Debug|Any CPU
		{776C8406-7C42-446C-BBD4-2A206AC0ADBD}.Debug|Any CPU.Build.0 = Debug|Any CPU
		{776C8406-7C42-446C-BBD4-2A206AC0ADBD}.Release|Any CPU.ActiveCfg = Release|Any CPU
		{776C8406-7C42-446C-BBD4-2A206AC0ADBD}.Release|Any CPU.Build.0 = Release|Any CPU
		{B8D97A64-7B9D-401C-AD58-F7EC2A141BED}.Debug|Any CPU.ActiveCfg = Debug|Any CPU
		{B8D97A64-7B9D-401C-AD58-F7EC2A141BED}.Debug|Any CPU.Build.0 = Debug|Any CPU
		{B8D97A64-7B9D-401C-AD58-F7EC2A141BED}.Release|Any CPU.ActiveCfg = Release|Any CPU
		{B8D97A64-7B9D-401C-AD58-F7EC2A141BED}.Release|Any CPU.Build.0 = Release|Any CPU
	EndGlobalSection
	GlobalSection(SolutionProperties) = preSolution
		HideSolutionNode = FALSE
	EndGlobalSection
	GlobalSection(ExtensibilityGlobals) = postSolution
		SolutionGuid = {A0B0B609-E791-4A6B-A140-17347C707A14}
	EndGlobalSection
EndGlobal
